{
  "name": "networkGraph2",
  "version": "1.0.0",
  "lockfileVersion": 3,
  "requires": true,
  "packages": {
    "": {
      "name": "networkGraph2",
      "version": "1.0.0",
      "license": "ISC",
      "dependencies": {
        "@ecl/ec-resources-icons": "^2.39.0",
        "@ecl/preset-ec": "^3.4.1",
        "@ecl/twig-component-datepicker": "^3.4.1",
        "moment": "^2.29.4"
      },
      "devDependencies": {}
    },
    "node_modules/@ecl/ec-resources-icons": {
      "version": "2.39.0",
      "resolved": "https://registry.npmjs.org/@ecl/ec-resources-icons/-/ec-resources-icons-2.39.0.tgz",
      "integrity": "sha512-S1p1z8NZzON5XOHQtVf0u2ZdQBxf1VNmeXj5mdfoTtGdCACdkrKRj7dOagVoBUAQL4uKiCsHS/l+OtCGzAH/DQ=="
    },
    "node_modules/@ecl/preset-ec": {
      "version": "3.4.1",
      "resolved": "https://registry.npmjs.org/@ecl/preset-ec/-/preset-ec-3.4.1.tgz",
      "integrity": "sha512-ciw95h+kv0dVWKYmXyT9tM2uDREPzdn11H5XoxBLBrprlBNI2wGvD4JHGjQQrBaTRXU4XzHJIhQcd1kCcjAhDQ=="
    },
    "node_modules/@ecl/twig-component-datepicker": {
      "version": "3.4.1",
      "resolved": "https://registry.npmjs.org/@ecl/twig-component-datepicker/-/twig-component-datepicker-3.4.1.tgz",
      "integrity": "sha512-+a44a27/Bftvb/GOXfID69YsI0fFcUqsOOwx0gf0l65Sg+oR40RG4Nqflf/kaJjMzO9Oaiy7pYWQW4N8dhStug==",
      "dependencies": {
        "@ecl/twig-component-icon": "3.4.1"
      }
    },
    "node_modules/@ecl/twig-component-icon": {
      "version": "3.4.1",
      "resolved": "https://registry.npmjs.org/@ecl/twig-component-icon/-/twig-component-icon-3.4.1.tgz",
      "integrity": "sha512-+BHkhAJrg+0WttK0PytYjIJXNxOPNVcn0l/2lWyXMx/Uue/tMt+yNNNfXNhTmlbsqlCzkh8ypjZiMV6E3Cne9Q=="
    },
    "node_modules/moment": {
      "version": "2.29.4",
      "resolved": "https://registry.npmjs.org/moment/-/moment-2.29.4.tgz",
      "integrity": "sha512-5LC9SOxjSc2HF6vO2CyuTDNivEdoz2IvyJJGj6X8DJ0eFyfszE0QiEd+iXmBvUP3WHxSjFH/vIsA0EN00cgr8w==",
      "engines": {
        "node": "*"
      }
    }
  }
}
